{
  "requires": true,
  "lockfileVersion": 1,
  "dependencies": {
    "fixture-stdout": {
      "version": "0.2.1",
      "resolved": "https://registry.npmjs.org/fixture-stdout/-/fixture-stdout-0.2.1.tgz",
      "integrity": "sha1-C3lmU1q4fPA/jcvvq9rD7/4ZWiQ="
    },
    "youless": {
      "version": "1.0.1",
      "resolved": "https://registry.npmjs.org/youless/-/youless-1.0.1.tgz",
      "integrity": "sha512-XtJLl8kJQjaT5wmdUxO1+cerGlw1IjTyzqUTFVbg3tkx5D61IbpPYUKRj9cG+2BvEugfePzyfq13hL39u0cz0w=="
    }
  }
}
