{
  "name": "com.gruijter.enelogic",
  "version": "4.3.0",
  "lockfileVersion": 3,
  "requires": true,
  "packages": {
    "": {
      "name": "com.gruijter.enelogic",
      "version": "4.3.1",
      "license": "GPL-3.0-or-later",
      "dependencies": {
        "fixture-stdout": "^0.2.1",
        "youless": "^2.7.1"
      }
    },
    "node_modules/fixture-stdout": {
      "version": "0.2.1",
      "resolved": "https://registry.npmjs.org/fixture-stdout/-/fixture-stdout-0.2.1.tgz",
      "integrity": "sha512-3LdachdiUuTFiRIz/jAh+a3SdqDL7bFnejlgc+Pjk30ZNR7VhbIzC//YNaUCJ4OoPwZXLICOgtr3RyYurXJQ8Q=="
    },
    "node_modules/youless": {
      "version": "2.7.1",
      "resolved": "https://registry.npmjs.org/youless/-/youless-2.7.1.tgz",
      "integrity": "sha512-fKTGM/llBNuRjIQ+5Oyd+A14MWj7TXzRGOolEyDVoJmcjG7RU1yNhpA8h0XV9TnvcRAZueWLqQXGkRSZtNNgWg=="
    }
  }
}
