{
  "requires": true,
  "lockfileVersion": 1,
  "dependencies": {
    "fixture-stdout": {
      "version": "0.2.1",
      "resolved": "https://registry.npmjs.org/fixture-stdout/-/fixture-stdout-0.2.1.tgz",
      "integrity": "sha1-C3lmU1q4fPA/jcvvq9rD7/4ZWiQ="
    },
    "youless": {
      "version": "2.2.0",
      "resolved": "https://registry.npmjs.org/youless/-/youless-2.2.0.tgz",
      "integrity": "sha512-LW6Wz1C9pKX/+BR0aUPNeH8odBvbVUAv8kvbh8YdKkBFxxfFUwQkdQ5bt5uta9R2z/h39/pH5HP5LTp9ViyPnw=="
    }
  }
}
